
Microsoft Visual Studio Solution File, Format Version 12.00
# Visual Studio Version 16
VisualStudioVersion = 16.0.29326.143
MinimumVisualStudioVersion = 10.0.40219.1
Project("{FAE04EC0-301F-11D3-BF4B-00C04F79EFBC}") = "SocketClient", "SocketClient\SocketClient.csproj", "{DCD9B071-F41E-41D1-B00C-423B888D82ED}"
EndProject
Global
	GlobalSection(SolutionConfigurationPlatforms) = preSolution
		Debug|Any CPU = Debug|Any CPU
		Release|Any CPU = Release|Any CPU
	EndGlobalSection
	GlobalSection(ProjectConfigurationPlatforms) = postSolution
		{DCD9B071-F41E-41D1-B00C-423B888D82ED}.Debug|Any CPU.ActiveCfg = Debug|Any CPU
		{DCD9B071-F41E-41D1-B00C-423B888D82ED}.Debug|Any CPU.Build.0 = Debug|Any CPU
		{DCD9B071-F41E-41D1-B00C-423B888D82ED}.Release|Any CPU.ActiveCfg = Release|Any CPU
		{DCD9B071-F41E-41D1-B00C-423B888D82ED}.Release|Any CPU.Build.0 = Release|Any CPU
	EndGlobalSection
	GlobalSection(SolutionProperties) = preSolution
		HideSolutionNode = FALSE
	EndGlobalSection
	GlobalSection(ExtensibilityGlobals) = postSolution
		SolutionGuid = {3F16E0D1-DBB6-4651-8677-35C9C6B1C4D3}
	EndGlobalSection
EndGlobal
